// !$*UTF8*$!
{
	archiveVersion = 1;
	classes = {
	};
	objectVersion = 46;
	objects = {

/* Begin PBXBuildFile section */
		096A9FA9283953A000C6283E /* Model.swift in Sources */ = {isa = PBXBuildFile; fileRef = 096A9FA8283953A000C6283E /* Model.swift */; };
		096A9FAC283953AA00C6283E /* View.swift in Sources */ = {isa = PBXBuildFile; fileRef = 096A9FAB283953AA00C6283E /* View.swift */; };
		096A9FAF283953B300C6283E /* Helper.swift in Sources */ = {isa = PBXBuildFile; fileRef = 096A9FAE283953B300C6283E /* Helper.swift */; };
		096A9FB22839F8CA00C6283E /* BuilderStore.swift in Sources */ = {isa = PBXBuildFile; fileRef = 096A9FB12839F8CA00C6283E /* BuilderStore.swift */; };
		096A9FB4283A01FF00C6283E /* State.swift in Sources */ = {isa = PBXBuildFile; fileRef = 096A9FB3283A01FF00C6283E /* State.swift */; };
		096A9FB6283A148800C6283E /* LayerPanel.swift in Sources */ = {isa = PBXBuildFile; fileRef = 096A9FB5283A148800C6283E /* LayerPanel.swift */; };
		096A9FB8283A14E800C6283E /* CanvasPanel.swift in Sources */ = {isa = PBXBuildFile; fileRef = 096A9FB7283A14E800C6283E /* CanvasPanel.swift */; };
		096A9FBA283A14F000C6283E /* PropsPanel.swift in Sources */ = {isa = PBXBuildFile; fileRef = 096A9FB9283A14F000C6283E /* PropsPanel.swift */; };
		096A9FBC283A2CBD00C6283E /* SingleSelectVC.swift in Sources */ = {isa = PBXBuildFile; fileRef = 096A9FBB283A2CBD00C6283E /* SingleSelectVC.swift */; };
		096A9FBE283A369300C6283E /* PropsSectionTitleView.swift in Sources */ = {isa = PBXBuildFile; fileRef = 096A9FBD283A369300C6283E /* PropsSectionTitleView.swift */; };
		096A9FC0283A37B800C6283E /* DropDownableView.swift in Sources */ = {isa = PBXBuildFile; fileRef = 096A9FBF283A37B800C6283E /* DropDownableView.swift */; };
		096A9FC3283A989300C6283E /* SizeDescriptionInspector.swift in Sources */ = {isa = PBXBuildFile; fileRef = 096A9FC2283A989300C6283E /* SizeDescriptionInspector.swift */; };
		096A9FC5283A98DC00C6283E /* InsetsInspector.swift in Sources */ = {isa = PBXBuildFile; fileRef = 096A9FC4283A98DC00C6283E /* InsetsInspector.swift */; };
		096A9FC7283A991700C6283E /* PropsInputView.swift in Sources */ = {isa = PBXBuildFile; fileRef = 096A9FC6283A991700C6283E /* PropsInputView.swift */; };
		096A9FC9283AA6E800C6283E /* BoolInspector.swift in Sources */ = {isa = PBXBuildFile; fileRef = 096A9FC8283AA6E800C6283E /* BoolInspector.swift */; };
		096A9FCB283AA82800C6283E /* SelectionInspector.swift in Sources */ = {isa = PBXBuildFile; fileRef = 096A9FCA283AA82800C6283E /* SelectionInspector.swift */; };
		096A9FCD283AAB4500C6283E /* AlignmentInspector.swift in Sources */ = {isa = PBXBuildFile; fileRef = 096A9FCC283AAB4500C6283E /* AlignmentInspector.swift */; };
		096A9FCF283AB2A200C6283E /* VerticalExpandAnimator.swift in Sources */ = {isa = PBXBuildFile; fileRef = 096A9FCE283AB2A200C6283E /* VerticalExpandAnimator.swift */; };
		096A9FD1283BD46C00C6283E /* SelectorButton.swift in Sources */ = {isa = PBXBuildFile; fileRef = 096A9FD0283BD46C00C6283E /* SelectorButton.swift */; };
		096A9FD3283BDA8E00C6283E /* CGFloatInspector.swift in Sources */ = {isa = PBXBuildFile; fileRef = 096A9FD2283BDA8E00C6283E /* CGFloatInspector.swift */; };
		28211C85A23069A1DD202176 /* Pods_PuyoBuilder_Example.framework in Frameworks */ = {isa = PBXBuildFile; fileRef = 04A1C3D714D6E8756DD08471 /* Pods_PuyoBuilder_Example.framework */; };
		28EA1FB33035E0FAAA1AEF6D /* Pods_PuyoBuilder_Tests.framework in Frameworks */ = {isa = PBXBuildFile; fileRef = C14E97FE272F2E9C82E46408 /* Pods_PuyoBuilder_Tests.framework */; };
		607FACD61AFB9204008FA782 /* AppDelegate.swift in Sources */ = {isa = PBXBuildFile; fileRef = 607FACD51AFB9204008FA782 /* AppDelegate.swift */; };
		607FACD81AFB9204008FA782 /* ViewController.swift in Sources */ = {isa = PBXBuildFile; fileRef = 607FACD71AFB9204008FA782 /* ViewController.swift */; };
		607FACDB1AFB9204008FA782 /* Main.storyboard in Resources */ = {isa = PBXBuildFile; fileRef = 607FACD91AFB9204008FA782 /* Main.storyboard */; };
		607FACDD1AFB9204008FA782 /* Images.xcassets in Resources */ = {isa = PBXBuildFile; fileRef = 607FACDC1AFB9204008FA782 /* Images.xcassets */; };
		607FACE01AFB9204008FA782 /* LaunchScreen.xib in Resources */ = {isa = PBXBuildFile; fileRef = 607FACDE1AFB9204008FA782 /* LaunchScreen.xib */; };
		607FACEC1AFB9204008FA782 /* Tests.swift in Sources */ = {isa = PBXBuildFile; fileRef = 607FACEB1AFB9204008FA782 /* Tests.swift */; };
/* End PBXBuildFile section */

/* Begin PBXContainerItemProxy section */
		607FACE61AFB9204008FA782 /* PBXContainerItemProxy */ = {
			isa = PBXContainerItemProxy;
			containerPortal = 607FACC81AFB9204008FA782 /* Project object */;
			proxyType = 1;
			remoteGlobalIDString = 607FACCF1AFB9204008FA782;
			remoteInfo = PuyoBuilder;
		};
/* End PBXContainerItemProxy section */

/* Begin PBXFileReference section */
		04A1C3D714D6E8756DD08471 /* Pods_PuyoBuilder_Example.framework */ = {isa = PBXFileReference; explicitFileType = wrapper.framework; includeInIndex = 0; path = Pods_PuyoBuilder_Example.framework; sourceTree = BUILT_PRODUCTS_DIR; };
		08E58E9657B839C372F573FF /* Pods-PuyoBuilder_Example.release.xcconfig */ = {isa = PBXFileReference; includeInIndex = 1; lastKnownFileType = text.xcconfig; name = "Pods-PuyoBuilder_Example.release.xcconfig"; path = "Target Support Files/Pods-PuyoBuilder_Example/Pods-PuyoBuilder_Example.release.xcconfig"; sourceTree = "<group>"; };
		096A9FA62839526700C6283E /* PuyoBuilder_Example.entitlements */ = {isa = PBXFileReference; lastKnownFileType = text.plist.entitlements; path = PuyoBuilder_Example.entitlements; sourceTree = "<group>"; };
		096A9FA8283953A000C6283E /* Model.swift */ = {isa = PBXFileReference; lastKnownFileType = sourcecode.swift; path = Model.swift; sourceTree = "<group>"; };
		096A9FAB283953AA00C6283E /* View.swift */ = {isa = PBXFileReference; lastKnownFileType = sourcecode.swift; path = View.swift; sourceTree = "<group>"; };
		096A9FAE283953B300C6283E /* Helper.swift */ = {isa = PBXFileReference; lastKnownFileType = sourcecode.swift; path = Helper.swift; sourceTree = "<group>"; };
		096A9FB12839F8CA00C6283E /* BuilderStore.swift */ = {isa = PBXFileReference; lastKnownFileType = sourcecode.swift; path = BuilderStore.swift; sourceTree = "<group>"; };
		096A9FB3283A01FF00C6283E /* State.swift */ = {isa = PBXFileReference; lastKnownFileType = sourcecode.swift; path = State.swift; sourceTree = "<group>"; };
		096A9FB5283A148800C6283E /* LayerPanel.swift */ = {isa = PBXFileReference; lastKnownFileType = sourcecode.swift; path = LayerPanel.swift; sourceTree = "<group>"; };
		096A9FB7283A14E800C6283E /* CanvasPanel.swift */ = {isa = PBXFileReference; lastKnownFileType = sourcecode.swift; path = CanvasPanel.swift; sourceTree = "<group>"; };
		096A9FB9283A14F000C6283E /* PropsPanel.swift */ = {isa = PBXFileReference; lastKnownFileType = sourcecode.swift; path = PropsPanel.swift; sourceTree = "<group>"; };
		096A9FBB283A2CBD00C6283E /* SingleSelectVC.swift */ = {isa = PBXFileReference; lastKnownFileType = sourcecode.swift; path = SingleSelectVC.swift; sourceTree = "<group>"; };
		096A9FBD283A369300C6283E /* PropsSectionTitleView.swift */ = {isa = PBXFileReference; lastKnownFileType = sourcecode.swift; path = PropsSectionTitleView.swift; sourceTree = "<group>"; };
		096A9FBF283A37B800C6283E /* DropDownableView.swift */ = {isa = PBXFileReference; lastKnownFileType = sourcecode.swift; path = DropDownableView.swift; sourceTree = "<group>"; };
		096A9FC2283A989300C6283E /* SizeDescriptionInspector.swift */ = {isa = PBXFileReference; lastKnownFileType = sourcecode.swift; path = SizeDescriptionInspector.swift; sourceTree = "<group>"; };
		096A9FC4283A98DC00C6283E /* InsetsInspector.swift */ = {isa = PBXFileReference; lastKnownFileType = sourcecode.swift; path = InsetsInspector.swift; sourceTree = "<group>"; };
		096A9FC6283A991700C6283E /* PropsInputView.swift */ = {isa = PBXFileReference; lastKnownFileType = sourcecode.swift; path = PropsInputView.swift; sourceTree = "<group>"; };
		096A9FC8283AA6E800C6283E /* BoolInspector.swift */ = {isa = PBXFileReference; lastKnownFileType = sourcecode.swift; path = BoolInspector.swift; sourceTree = "<group>"; };
		096A9FCA283AA82800C6283E /* SelectionInspector.swift */ = {isa = PBXFileReference; lastKnownFileType = sourcecode.swift; path = SelectionInspector.swift; sourceTree = "<group>"; };
		096A9FCC283AAB4500C6283E /* AlignmentInspector.swift */ = {isa = PBXFileReference; lastKnownFileType = sourcecode.swift; path = AlignmentInspector.swift; sourceTree = "<group>"; };
		096A9FCE283AB2A200C6283E /* VerticalExpandAnimator.swift */ = {isa = PBXFileReference; lastKnownFileType = sourcecode.swift; path = VerticalExpandAnimator.swift; sourceTree = "<group>"; };
		096A9FD0283BD46C00C6283E /* SelectorButton.swift */ = {isa = PBXFileReference; lastKnownFileType = sourcecode.swift; path = SelectorButton.swift; sourceTree = "<group>"; };
		096A9FD2283BDA8E00C6283E /* CGFloatInspector.swift */ = {isa = PBXFileReference; lastKnownFileType = sourcecode.swift; path = CGFloatInspector.swift; sourceTree = "<group>"; };
		263A03F08B4D1DD062C03527 /* LICENSE */ = {isa = PBXFileReference; includeInIndex = 1; lastKnownFileType = text; name = LICENSE; path = ../LICENSE; sourceTree = "<group>"; };
		5B0B1B1109CA217CF1EBDB36 /* PuyoBuilder.podspec */ = {isa = PBXFileReference; includeInIndex = 1; lastKnownFileType = text; name = PuyoBuilder.podspec; path = ../PuyoBuilder.podspec; sourceTree = "<group>"; };
		607FACD01AFB9204008FA782 /* PuyoBuilder_Example.app */ = {isa = PBXFileReference; explicitFileType = wrapper.application; includeInIndex = 0; path = PuyoBuilder_Example.app; sourceTree = BUILT_PRODUCTS_DIR; };
		607FACD41AFB9204008FA782 /* Info.plist */ = {isa = PBXFileReference; lastKnownFileType = text.plist.xml; path = Info.plist; sourceTree = "<group>"; };
		607FACD51AFB9204008FA782 /* AppDelegate.swift */ = {isa = PBXFileReference; lastKnownFileType = sourcecode.swift; path = AppDelegate.swift; sourceTree = "<group>"; };
		607FACD71AFB9204008FA782 /* ViewController.swift */ = {isa = PBXFileReference; lastKnownFileType = sourcecode.swift; path = ViewController.swift; sourceTree = "<group>"; };
		607FACDA1AFB9204008FA782 /* Base */ = {isa = PBXFileReference; lastKnownFileType = file.storyboard; name = Base; path = Base.lproj/Main.storyboard; sourceTree = "<group>"; };
		607FACDC1AFB9204008FA782 /* Images.xcassets */ = {isa = PBXFileReference; lastKnownFileType = folder.assetcatalog; path = Images.xcassets; sourceTree = "<group>"; };
		607FACDF1AFB9204008FA782 /* Base */ = {isa = PBXFileReference; lastKnownFileType = file.xib; name = Base; path = Base.lproj/LaunchScreen.xib; sourceTree = "<group>"; };
		607FACE51AFB9204008FA782 /* PuyoBuilder_Tests.xctest */ = {isa = PBXFileReference; explicitFileType = wrapper.cfbundle; includeInIndex = 0; path = PuyoBuilder_Tests.xctest; sourceTree = BUILT_PRODUCTS_DIR; };
		607FACEA1AFB9204008FA782 /* Info.plist */ = {isa = PBXFileReference; lastKnownFileType = text.plist.xml; path = Info.plist; sourceTree = "<group>"; };
		607FACEB1AFB9204008FA782 /* Tests.swift */ = {isa = PBXFileReference; lastKnownFileType = sourcecode.swift; path = Tests.swift; sourceTree = "<group>"; };
		6C1D021F3EA939B71B85FFCA /* Pods-PuyoBuilder_Tests.debug.xcconfig */ = {isa = PBXFileReference; includeInIndex = 1; lastKnownFileType = text.xcconfig; name = "Pods-PuyoBuilder_Tests.debug.xcconfig"; path = "Target Support Files/Pods-PuyoBuilder_Tests/Pods-PuyoBuilder_Tests.debug.xcconfig"; sourceTree = "<group>"; };
		8B5B79794C7AF23E6AD24AF6 /* Pods-PuyoBuilder_Example.debug.xcconfig */ = {isa = PBXFileReference; includeInIndex = 1; lastKnownFileType = text.xcconfig; name = "Pods-PuyoBuilder_Example.debug.xcconfig"; path = "Target Support Files/Pods-PuyoBuilder_Example/Pods-PuyoBuilder_Example.debug.xcconfig"; sourceTree = "<group>"; };
		C14E97FE272F2E9C82E46408 /* Pods_PuyoBuilder_Tests.framework */ = {isa = PBXFileReference; explicitFileType = wrapper.framework; includeInIndex = 0; path = Pods_PuyoBuilder_Tests.framework; sourceTree = BUILT_PRODUCTS_DIR; };
		D09A371A8E3AEEA341D60F44 /* README.md */ = {isa = PBXFileReference; includeInIndex = 1; lastKnownFileType = net.daringfireball.markdown; name = README.md; path = ../README.md; sourceTree = "<group>"; };
		D8BEE88E6D4E5A0AE2127B0F /* Pods-PuyoBuilder_Tests.release.xcconfig */ = {isa = PBXFileReference; includeInIndex = 1; lastKnownFileType = text.xcconfig; name = "Pods-PuyoBuilder_Tests.release.xcconfig"; path = "Target Support Files/Pods-PuyoBuilder_Tests/Pods-PuyoBuilder_Tests.release.xcconfig"; sourceTree = "<group>"; };
/* End PBXFileReference section */

/* Begin PBXFrameworksBuildPhase section */
		607FACCD1AFB9204008FA782 /* Frameworks */ = {
			isa = PBXFrameworksBuildPhase;
			buildActionMask = 2147483647;
			files = (
				28211C85A23069A1DD202176 /* Pods_PuyoBuilder_Example.framework in Frameworks */,
			);
			runOnlyForDeploymentPostprocessing = 0;
		};
		607FACE21AFB9204008FA782 /* Frameworks */ = {
			isa = PBXFrameworksBuildPhase;
			buildActionMask = 2147483647;
			files = (
				28EA1FB33035E0FAAA1AEF6D /* Pods_PuyoBuilder_Tests.framework in Frameworks */,
			);
			runOnlyForDeploymentPostprocessing = 0;
		};
/* End PBXFrameworksBuildPhase section */

/* Begin PBXGroup section */
		096A9FA72839539000C6283E /* Model */ = {
			isa = PBXGroup;
			children = (
				096A9FA8283953A000C6283E /* Model.swift */,
				096A9FB3283A01FF00C6283E /* State.swift */,
			);
			name = Model;
			sourceTree = "<group>";
		};
		096A9FAA283953A300C6283E /* View */ = {
			isa = PBXGroup;
			children = (
				096A9FC1283A987F00C6283E /* Inspectors */,
				096A9FAB283953AA00C6283E /* View.swift */,
				096A9FB5283A148800C6283E /* LayerPanel.swift */,
				096A9FB7283A14E800C6283E /* CanvasPanel.swift */,
				096A9FB9283A14F000C6283E /* PropsPanel.swift */,
				096A9FBB283A2CBD00C6283E /* SingleSelectVC.swift */,
				096A9FBD283A369300C6283E /* PropsSectionTitleView.swift */,
				096A9FBF283A37B800C6283E /* DropDownableView.swift */,
				096A9FD0283BD46C00C6283E /* SelectorButton.swift */,
			);
			name = View;
			sourceTree = "<group>";
		};
		096A9FAD283953AC00C6283E /* Helper */ = {
			isa = PBXGroup;
			children = (
				096A9FAE283953B300C6283E /* Helper.swift */,
				096A9FCE283AB2A200C6283E /* VerticalExpandAnimator.swift */,
			);
			name = Helper;
			sourceTree = "<group>";
		};
		096A9FB02839F8C200C6283E /* Store */ = {
			isa = PBXGroup;
			children = (
				096A9FB12839F8CA00C6283E /* BuilderStore.swift */,
			);
			name = Store;
			sourceTree = "<group>";
		};
		096A9FC1283A987F00C6283E /* Inspectors */ = {
			isa = PBXGroup;
			children = (
				096A9FC2283A989300C6283E /* SizeDescriptionInspector.swift */,
				096A9FC4283A98DC00C6283E /* InsetsInspector.swift */,
				096A9FC6283A991700C6283E /* PropsInputView.swift */,
				096A9FC8283AA6E800C6283E /* BoolInspector.swift */,
				096A9FCA283AA82800C6283E /* SelectionInspector.swift */,
				096A9FCC283AAB4500C6283E /* AlignmentInspector.swift */,
				096A9FD2283BDA8E00C6283E /* CGFloatInspector.swift */,
			);
			name = Inspectors;
			sourceTree = "<group>";
		};
		607FACC71AFB9204008FA782 = {
			isa = PBXGroup;
			children = (
				096A9FA62839526700C6283E /* PuyoBuilder_Example.entitlements */,
				607FACF51AFB993E008FA782 /* Podspec Metadata */,
				607FACD21AFB9204008FA782 /* Example for PuyoBuilder */,
				607FACE81AFB9204008FA782 /* Tests */,
				607FACD11AFB9204008FA782 /* Products */,
				9CF024AC093BF19E3C10EB0A /* Pods */,
				D5F0BF6503669D6D6ED87EC1 /* Frameworks */,
			);
			sourceTree = "<group>";
		};
		607FACD11AFB9204008FA782 /* Products */ = {
			isa = PBXGroup;
			children = (
				607FACD01AFB9204008FA782 /* PuyoBuilder_Example.app */,
				607FACE51AFB9204008FA782 /* PuyoBuilder_Tests.xctest */,
			);
			name = Products;
			sourceTree = "<group>";
		};
		607FACD21AFB9204008FA782 /* Example for PuyoBuilder */ = {
			isa = PBXGroup;
			children = (
				096A9FB02839F8C200C6283E /* Store */,
				096A9FAD283953AC00C6283E /* Helper */,
				096A9FAA283953A300C6283E /* View */,
				096A9FA72839539000C6283E /* Model */,
				607FACD51AFB9204008FA782 /* AppDelegate.swift */,
				607FACD71AFB9204008FA782 /* ViewController.swift */,
				607FACD91AFB9204008FA782 /* Main.storyboard */,
				607FACDC1AFB9204008FA782 /* Images.xcassets */,
				607FACDE1AFB9204008FA782 /* LaunchScreen.xib */,
				607FACD31AFB9204008FA782 /* Supporting Files */,
			);
			name = "Example for PuyoBuilder";
			path = PuyoBuilder;
			sourceTree = "<group>";
		};
		607FACD31AFB9204008FA782 /* Supporting Files */ = {
			isa = PBXGroup;
			children = (
				607FACD41AFB9204008FA782 /* Info.plist */,
			);
			name = "Supporting Files";
			sourceTree = "<group>";
		};
		607FACE81AFB9204008FA782 /* Tests */ = {
			isa = PBXGroup;
			children = (
				607FACEB1AFB9204008FA782 /* Tests.swift */,
				607FACE91AFB9204008FA782 /* Supporting Files */,
			);
			path = Tests;
			sourceTree = "<group>";
		};
		607FACE91AFB9204008FA782 /* Supporting Files */ = {
			isa = PBXGroup;
			children = (
				607FACEA1AFB9204008FA782 /* Info.plist */,
			);
			name = "Supporting Files";
			sourceTree = "<group>";
		};
		607FACF51AFB993E008FA782 /* Podspec Metadata */ = {
			isa = PBXGroup;
			children = (
				5B0B1B1109CA217CF1EBDB36 /* PuyoBuilder.podspec */,
				D09A371A8E3AEEA341D60F44 /* README.md */,
				263A03F08B4D1DD062C03527 /* LICENSE */,
			);
			name = "Podspec Metadata";
			sourceTree = "<group>";
		};
		9CF024AC093BF19E3C10EB0A /* Pods */ = {
			isa = PBXGroup;
			children = (
				8B5B79794C7AF23E6AD24AF6 /* Pods-PuyoBuilder_Example.debug.xcconfig */,
				08E58E9657B839C372F573FF /* Pods-PuyoBuilder_Example.release.xcconfig */,
				6C1D021F3EA939B71B85FFCA /* Pods-PuyoBuilder_Tests.debug.xcconfig */,
				D8BEE88E6D4E5A0AE2127B0F /* Pods-PuyoBuilder_Tests.release.xcconfig */,
			);
			path = Pods;
			sourceTree = "<group>";
		};
		D5F0BF6503669D6D6ED87EC1 /* Frameworks */ = {
			isa = PBXGroup;
			children = (
				04A1C3D714D6E8756DD08471 /* Pods_PuyoBuilder_Example.framework */,
				C14E97FE272F2E9C82E46408 /* Pods_PuyoBuilder_Tests.framework */,
			);
			name = Frameworks;
			sourceTree = "<group>";
		};
/* End PBXGroup section */

/* Begin PBXNativeTarget section */
		607FACCF1AFB9204008FA782 /* PuyoBuilder_Example */ = {
			isa = PBXNativeTarget;
			buildConfigurationList = 607FACEF1AFB9204008FA782 /* Build configuration list for PBXNativeTarget "PuyoBuilder_Example" */;
			buildPhases = (
				65B1987ED6CF881FAC59D4A2 /* [CP] Check Pods Manifest.lock */,
				607FACCC1AFB9204008FA782 /* Sources */,
				607FACCD1AFB9204008FA782 /* Frameworks */,
				607FACCE1AFB9204008FA782 /* Resources */,
				D026229F2EE94C48854F7441 /* [CP] Embed Pods Frameworks */,
			);
			buildRules = (
			);
			dependencies = (
			);
			name = PuyoBuilder_Example;
			productName = PuyoBuilder;
			productReference = 607FACD01AFB9204008FA782 /* PuyoBuilder_Example.app */;
			productType = "com.apple.product-type.application";
		};
		607FACE41AFB9204008FA782 /* PuyoBuilder_Tests */ = {
			isa = PBXNativeTarget;
			buildConfigurationList = 607FACF21AFB9204008FA782 /* Build configuration list for PBXNativeTarget "PuyoBuilder_Tests" */;
			buildPhases = (
				DC067D04C4739941AFB29889 /* [CP] Check Pods Manifest.lock */,
				607FACE11AFB9204008FA782 /* Sources */,
				607FACE21AFB9204008FA782 /* Frameworks */,
				607FACE31AFB9204008FA782 /* Resources */,
			);
			buildRules = (
			);
			dependencies = (
				607FACE71AFB9204008FA782 /* PBXTargetDependency */,
			);
			name = PuyoBuilder_Tests;
			productName = Tests;
			productReference = 607FACE51AFB9204008FA782 /* PuyoBuilder_Tests.xctest */;
			productType = "com.apple.product-type.bundle.unit-test";
		};
/* End PBXNativeTarget section */

/* Begin PBXProject section */
		607FACC81AFB9204008FA782 /* Project object */ = {
			isa = PBXProject;
			attributes = {
				LastSwiftUpdateCheck = 0830;
				LastUpgradeCheck = 0830;
				ORGANIZATIONNAME = CocoaPods;
				TargetAttributes = {
					607FACCF1AFB9204008FA782 = {
						CreatedOnToolsVersion = 6.3.1;
						DevelopmentTeam = 462J8VB29Y;
						LastSwiftMigration = 0900;
					};
					607FACE41AFB9204008FA782 = {
						CreatedOnToolsVersion = 6.3.1;
						DevelopmentTeam = 462J8VB29Y;
						LastSwiftMigration = 0900;
						TestTargetID = 607FACCF1AFB9204008FA782;
					};
				};
			};
			buildConfigurationList = 607FACCB1AFB9204008FA782 /* Build configuration list for PBXProject "PuyoBuilder" */;
			compatibilityVersion = "Xcode 3.2";
			developmentRegion = English;
			hasScannedForEncodings = 0;
			knownRegions = (
				English,
				en,
				Base,
			);
			mainGroup = 607FACC71AFB9204008FA782;
			productRefGroup = 607FACD11AFB9204008FA782 /* Products */;
			projectDirPath = "";
			projectRoot = "";
			targets = (
				607FACCF1AFB9204008FA782 /* PuyoBuilder_Example */,
				607FACE41AFB9204008FA782 /* PuyoBuilder_Tests */,
			);
		};
/* End PBXProject section */

/* Begin PBXResourcesBuildPhase section */
		607FACCE1AFB9204008FA782 /* Resources */ = {
			isa = PBXResourcesBuildPhase;
			buildActionMask = 2147483647;
			files = (
				607FACDB1AFB9204008FA782 /* Main.storyboard in Resources */,
				607FACE01AFB9204008FA782 /* LaunchScreen.xib in Resources */,
				607FACDD1AFB9204008FA782 /* Images.xcassets in Resources */,
			);
			runOnlyForDeploymentPostprocessing = 0;
		};
		607FACE31AFB9204008FA782 /* Resources */ = {
			isa = PBXResourcesBuildPhase;
			buildActionMask = 2147483647;
			files = (
			);
			runOnlyForDeploymentPostprocessing = 0;
		};
/* End PBXResourcesBuildPhase section */

/* Begin PBXShellScriptBuildPhase section */
		65B1987ED6CF881FAC59D4A2 /* [CP] Check Pods Manifest.lock */ = {
			isa = PBXShellScriptBuildPhase;
			buildActionMask = 2147483647;
			files = (
			);
			inputFileListPaths = (
			);
			inputPaths = (
				"${PODS_PODFILE_DIR_PATH}/Podfile.lock",
				"${PODS_ROOT}/Manifest.lock",
			);
			name = "[CP] Check Pods Manifest.lock";
			outputFileListPaths = (
			);
			outputPaths = (
				"$(DERIVED_FILE_DIR)/Pods-PuyoBuilder_Example-checkManifestLockResult.txt",
			);
			runOnlyForDeploymentPostprocessing = 0;
			shellPath = /bin/sh;
			shellScript = "diff \"${PODS_PODFILE_DIR_PATH}/Podfile.lock\" \"${PODS_ROOT}/Manifest.lock\" > /dev/null\nif [ $? != 0 ] ; then\n    # print error to STDERR\n    echo \"error: The sandbox is not in sync with the Podfile.lock. Run 'pod install' or update your CocoaPods installation.\" >&2\n    exit 1\nfi\n# This output is used by Xcode 'outputs' to avoid re-running this script phase.\necho \"SUCCESS\" > \"${SCRIPT_OUTPUT_FILE_0}\"\n";
			showEnvVarsInLog = 0;
		};
		D026229F2EE94C48854F7441 /* [CP] Embed Pods Frameworks */ = {
			isa = PBXShellScriptBuildPhase;
			buildActionMask = 2147483647;
			files = (
			);
			inputPaths = (
				"${PODS_ROOT}/Target Support Files/Pods-PuyoBuilder_Example/Pods-PuyoBuilder_Example-frameworks.sh",
				"${BUILT_PRODUCTS_DIR}/HandyJSON/HandyJSON.framework",
				"${BUILT_PRODUCTS_DIR}/PuyoBuilder/PuyoBuilder.framework",
				"${BUILT_PRODUCTS_DIR}/Puyopuyo/Puyopuyo.framework",
			);
			name = "[CP] Embed Pods Frameworks";
			outputPaths = (
				"${TARGET_BUILD_DIR}/${FRAMEWORKS_FOLDER_PATH}/HandyJSON.framework",
				"${TARGET_BUILD_DIR}/${FRAMEWORKS_FOLDER_PATH}/PuyoBuilder.framework",
				"${TARGET_BUILD_DIR}/${FRAMEWORKS_FOLDER_PATH}/Puyopuyo.framework",
			);
			runOnlyForDeploymentPostprocessing = 0;
			shellPath = /bin/sh;
			shellScript = "\"${PODS_ROOT}/Target Support Files/Pods-PuyoBuilder_Example/Pods-PuyoBuilder_Example-frameworks.sh\"\n";
			showEnvVarsInLog = 0;
		};
		DC067D04C4739941AFB29889 /* [CP] Check Pods Manifest.lock */ = {
			isa = PBXShellScriptBuildPhase;
			buildActionMask = 2147483647;
			files = (
			);
			inputFileListPaths = (
			);
			inputPaths = (
				"${PODS_PODFILE_DIR_PATH}/Podfile.lock",
				"${PODS_ROOT}/Manifest.lock",
			);
			name = "[CP] Check Pods Manifest.lock";
			outputFileListPaths = (
			);
			outputPaths = (
				"$(DERIVED_FILE_DIR)/Pods-PuyoBuilder_Tests-checkManifestLockResult.txt",
			);
			runOnlyForDeploymentPostprocessing = 0;
			shellPath = /bin/sh;
			shellScript = "diff \"${PODS_PODFILE_DIR_PATH}/Podfile.lock\" \"${PODS_ROOT}/Manifest.lock\" > /dev/null\nif [ $? != 0 ] ; then\n    # print error to STDERR\n    echo \"error: The sandbox is not in sync with the Podfile.lock. Run 'pod install' or update your CocoaPods installation.\" >&2\n    exit 1\nfi\n# This output is used by Xcode 'outputs' to avoid re-running this script phase.\necho \"SUCCESS\" > \"${SCRIPT_OUTPUT_FILE_0}\"\n";
			showEnvVarsInLog = 0;
		};
/* End PBXShellScriptBuildPhase section */

/* Begin PBXSourcesBuildPhase section */
		607FACCC1AFB9204008FA782 /* Sources */ = {
			isa = PBXSourcesBuildPhase;
			buildActionMask = 2147483647;
			files = (
				096A9FB6283A148800C6283E /* LayerPanel.swift in Sources */,
				096A9FAC283953AA00C6283E /* View.swift in Sources */,
				096A9FC9283AA6E800C6283E /* BoolInspector.swift in Sources */,
				096A9FBC283A2CBD00C6283E /* SingleSelectVC.swift in Sources */,
				096A9FCF283AB2A200C6283E /* VerticalExpandAnimator.swift in Sources */,
				096A9FA9283953A000C6283E /* Model.swift in Sources */,
				096A9FC5283A98DC00C6283E /* InsetsInspector.swift in Sources */,
				096A9FBE283A369300C6283E /* PropsSectionTitleView.swift in Sources */,
				096A9FD3283BDA8E00C6283E /* CGFloatInspector.swift in Sources */,
				096A9FC0283A37B800C6283E /* DropDownableView.swift in Sources */,
				096A9FBA283A14F000C6283E /* PropsPanel.swift in Sources */,
				096A9FC3283A989300C6283E /* SizeDescriptionInspector.swift in Sources */,
				096A9FAF283953B300C6283E /* Helper.swift in Sources */,
				607FACD81AFB9204008FA782 /* ViewController.swift in Sources */,
				096A9FD1283BD46C00C6283E /* SelectorButton.swift in Sources */,
				096A9FCB283AA82800C6283E /* SelectionInspector.swift in Sources */,
				607FACD61AFB9204008FA782 /* AppDelegate.swift in Sources */,
				096A9FB8283A14E800C6283E /* CanvasPanel.swift in Sources */,
				096A9FB4283A01FF00C6283E /* State.swift in Sources */,
				096A9FC7283A991700C6283E /* PropsInputView.swift in Sources */,
				096A9FB22839F8CA00C6283E /* BuilderStore.swift in Sources */,
				096A9FCD283AAB4500C6283E /* AlignmentInspector.swift in Sources */,
			);
			runOnlyForDeploymentPostprocessing = 0;
		};
		607FACE11AFB9204008FA782 /* Sources */ = {
			isa = PBXSourcesBuildPhase;
			buildActionMask = 2147483647;
			files = (
				607FACEC1AFB9204008FA782 /* Tests.swift in Sources */,
			);
			runOnlyForDeploymentPostprocessing = 0;
		};
/* End PBXSourcesBuildPhase section */

/* Begin PBXTargetDependency section */
		607FACE71AFB9204008FA782 /* PBXTargetDependency */ = {
			isa = PBXTargetDependency;
			target = 607FACCF1AFB9204008FA782 /* PuyoBuilder_Example */;
			targetProxy = 607FACE61AFB9204008FA782 /* PBXContainerItemProxy */;
		};
/* End PBXTargetDependency section */

/* Begin PBXVariantGroup section */
		607FACD91AFB9204008FA782 /* Main.storyboard */ = {
			isa = PBXVariantGroup;
			children = (
				607FACDA1AFB9204008FA782 /* Base */,
			);
			name = Main.storyboard;
			sourceTree = "<group>";
		};
		607FACDE1AFB9204008FA782 /* LaunchScreen.xib */ = {
			isa = PBXVariantGroup;
			children = (
				607FACDF1AFB9204008FA782 /* Base */,
			);
			name = LaunchScreen.xib;
			sourceTree = "<group>";
		};
/* End PBXVariantGroup section */

/* Begin XCBuildConfiguration section */
		607FACED1AFB9204008FA782 /* Debug */ = {
			isa = XCBuildConfiguration;
			buildSettings = {
				ALWAYS_SEARCH_USER_PATHS = NO;
				CLANG_CXX_LANGUAGE_STANDARD = "gnu++0x";
				CLANG_CXX_LIBRARY = "libc++";
				CLANG_ENABLE_MODULES = YES;
				CLANG_ENABLE_OBJC_ARC = YES;
				CLANG_WARN_BLOCK_CAPTURE_AUTORELEASING = YES;
				CLANG_WARN_BOOL_CONVERSION = YES;
				CLANG_WARN_COMMA = YES;
				CLANG_WARN_CONSTANT_CONVERSION = YES;
				CLANG_WARN_DIRECT_OBJC_ISA_USAGE = YES_ERROR;
				CLANG_WARN_EMPTY_BODY = YES;
				CLANG_WARN_ENUM_CONVERSION = YES;
				CLANG_WARN_INFINITE_RECURSION = YES;
				CLANG_WARN_INT_CONVERSION = YES;
				CLANG_WARN_NON_LITERAL_NULL_CONVERSION = YES;
				CLANG_WARN_OBJC_LITERAL_CONVERSION = YES;
				CLANG_WARN_OBJC_ROOT_CLASS = YES_ERROR;
				CLANG_WARN_RANGE_LOOP_ANALYSIS = YES;
				CLANG_WARN_STRICT_PROTOTYPES = YES;
				CLANG_WARN_SUSPICIOUS_MOVE = YES;
				CLANG_WARN_UNREACHABLE_CODE = YES;
				CLANG_WARN__DUPLICATE_METHOD_MATCH = YES;
				"CODE_SIGN_IDENTITY[sdk=iphoneos*]" = "iPhone Developer";
				COPY_PHASE_STRIP = NO;
				DEBUG_INFORMATION_FORMAT = "dwarf-with-dsym";
				ENABLE_STRICT_OBJC_MSGSEND = YES;
				ENABLE_TESTABILITY = YES;
				GCC_C_LANGUAGE_STANDARD = gnu99;
				GCC_DYNAMIC_NO_PIC = NO;
				GCC_NO_COMMON_BLOCKS = YES;
				GCC_OPTIMIZATION_LEVEL = 0;
				GCC_PREPROCESSOR_DEFINITIONS = (
					"DEBUG=1",
					"$(inherited)",
				);
				GCC_SYMBOLS_PRIVATE_EXTERN = NO;
				GCC_WARN_64_TO_32_BIT_CONVERSION = YES;
				GCC_WARN_ABOUT_RETURN_TYPE = YES_ERROR;
				GCC_WARN_UNDECLARED_SELECTOR = YES;
				GCC_WARN_UNINITIALIZED_AUTOS = YES_AGGRESSIVE;
				GCC_WARN_UNUSED_FUNCTION = YES;
				GCC_WARN_UNUSED_VARIABLE = YES;
				IPHONEOS_DEPLOYMENT_TARGET = 9.3;
				MTL_ENABLE_DEBUG_INFO = YES;
				ONLY_ACTIVE_ARCH = YES;
				SDKROOT = iphoneos;
				SWIFT_OPTIMIZATION_LEVEL = "-Onone";
			};
			name = Debug;
		};
		607FACEE1AFB9204008FA782 /* Release */ = {
			isa = XCBuildConfiguration;
			buildSettings = {
				ALWAYS_SEARCH_USER_PATHS = NO;
				CLANG_CXX_LANGUAGE_STANDARD = "gnu++0x";
				CLANG_CXX_LIBRARY = "libc++";
				CLANG_ENABLE_MODULES = YES;
				CLANG_ENABLE_OBJC_ARC = YES;
				CLANG_WARN_BLOCK_CAPTURE_AUTORELEASING = YES;
				CLANG_WARN_BOOL_CONVERSION = YES;
				CLANG_WARN_COMMA = YES;
				CLANG_WARN_CONSTANT_CONVERSION = YES;
				CLANG_WARN_DIRECT_OBJC_ISA_USAGE = YES_ERROR;
				CLANG_WARN_EMPTY_BODY = YES;
				CLANG_WARN_ENUM_CONVERSION = YES;
				CLANG_WARN_INFINITE_RECURSION = YES;
				CLANG_WARN_INT_CONVERSION = YES;
				CLANG_WARN_NON_LITERAL_NULL_CONVERSION = YES;
				CLANG_WARN_OBJC_LITERAL_CONVERSION = YES;
				CLANG_WARN_OBJC_ROOT_CLASS = YES_ERROR;
				CLANG_WARN_RANGE_LOOP_ANALYSIS = YES;
				CLANG_WARN_STRICT_PROTOTYPES = YES;
				CLANG_WARN_SUSPICIOUS_MOVE = YES;
				CLANG_WARN_UNREACHABLE_CODE = YES;
				CLANG_WARN__DUPLICATE_METHOD_MATCH = YES;
				"CODE_SIGN_IDENTITY[sdk=iphoneos*]" = "iPhone Developer";
				COPY_PHASE_STRIP = NO;
				DEBUG_INFORMATION_FORMAT = "dwarf-with-dsym";
				ENABLE_NS_ASSERTIONS = NO;
				ENABLE_STRICT_OBJC_MSGSEND = YES;
				GCC_C_LANGUAGE_STANDARD = gnu99;
				GCC_NO_COMMON_BLOCKS = YES;
				GCC_WARN_64_TO_32_BIT_CONVERSION = YES;
				GCC_WARN_ABOUT_RETURN_TYPE = YES_ERROR;
				GCC_WARN_UNDECLARED_SELECTOR = YES;
				GCC_WARN_UNINITIALIZED_AUTOS = YES_AGGRESSIVE;
				GCC_WARN_UNUSED_FUNCTION = YES;
				GCC_WARN_UNUSED_VARIABLE = YES;
				IPHONEOS_DEPLOYMENT_TARGET = 9.3;
				MTL_ENABLE_DEBUG_INFO = NO;
				SDKROOT = iphoneos;
				SWIFT_OPTIMIZATION_LEVEL = "-Owholemodule";
				VALIDATE_PRODUCT = YES;
			};
			name = Release;
		};
		607FACF01AFB9204008FA782 /* Debug */ = {
			isa = XCBuildConfiguration;
			baseConfigurationReference = 8B5B79794C7AF23E6AD24AF6 /* Pods-PuyoBuilder_Example.debug.xcconfig */;
			buildSettings = {
				ASSETCATALOG_COMPILER_APPICON_NAME = AppIcon;
				CODE_SIGN_ENTITLEMENTS = PuyoBuilder_Example.entitlements;
				DEVELOPMENT_TEAM = 462J8VB29Y;
				INFOPLIST_FILE = PuyoBuilder/Info.plist;
				IPHONEOS_DEPLOYMENT_TARGET = 13.0;
				LD_RUNPATH_SEARCH_PATHS = "$(inherited) @executable_path/Frameworks";
				MODULE_NAME = ExampleApp;
				PRODUCT_BUNDLE_IDENTIFIER = "org.cocoapods.demo.$(PRODUCT_NAME:rfc1034identifier)";
				PRODUCT_NAME = "$(TARGET_NAME)";
				SUPPORTS_MACCATALYST = YES;
				SWIFT_SWIFT3_OBJC_INFERENCE = Default;
				SWIFT_VERSION = 4.0;
				TARGETED_DEVICE_FAMILY = "1,2";
			};
			name = Debug;
		};
		607FACF11AFB9204008FA782 /* Release */ = {
			isa = XCBuildConfiguration;
			baseConfigurationReference = 08E58E9657B839C372F573FF /* Pods-PuyoBuilder_Example.release.xcconfig */;
			buildSettings = {
				ASSETCATALOG_COMPILER_APPICON_NAME = AppIcon;
				CODE_SIGN_ENTITLEMENTS = PuyoBuilder_Example.entitlements;
				DEVELOPMENT_TEAM = 462J8VB29Y;
				INFOPLIST_FILE = PuyoBuilder/Info.plist;
				IPHONEOS_DEPLOYMENT_TARGET = 13.0;
				LD_RUNPATH_SEARCH_PATHS = "$(inherited) @executable_path/Frameworks";
				MODULE_NAME = ExampleApp;
				PRODUCT_BUNDLE_IDENTIFIER = "org.cocoapods.demo.$(PRODUCT_NAME:rfc1034identifier)";
				PRODUCT_NAME = "$(TARGET_NAME)";
				SUPPORTS_MACCATALYST = YES;
				SWIFT_SWIFT3_OBJC_INFERENCE = Default;
				SWIFT_VERSION = 4.0;
				TARGETED_DEVICE_FAMILY = "1,2";
			};
			name = Release;
		};
		607FACF31AFB9204008FA782 /* Debug */ = {
			isa = XCBuildConfiguration;
			baseConfigurationReference = 6C1D021F3EA939B71B85FFCA /* Pods-PuyoBuilder_Tests.debug.xcconfig */;
			buildSettings = {
				DEVELOPMENT_TEAM = 462J8VB29Y;
				FRAMEWORK_SEARCH_PATHS = (
					"$(PLATFORM_DIR)/Developer/Library/Frameworks",
					"$(inherited)",
				);
				GCC_PREPROCESSOR_DEFINITIONS = (
					"DEBUG=1",
					"$(inherited)",
				);
				INFOPLIST_FILE = Tests/Info.plist;
				LD_RUNPATH_SEARCH_PATHS = "$(inherited) @executable_path/Frameworks @loader_path/Frameworks";
				PRODUCT_BUNDLE_IDENTIFIER = "org.cocoapods.$(PRODUCT_NAME:rfc1034identifier)";
				PRODUCT_NAME = "$(TARGET_NAME)";
				SWIFT_SWIFT3_OBJC_INFERENCE = Default;
				SWIFT_VERSION = 4.0;
				TEST_HOST = "$(BUILT_PRODUCTS_DIR)/PuyoBuilder_Example.app/PuyoBuilder_Example";
			};
			name = Debug;
		};
		607FACF41AFB9204008FA782 /* Release */ = {
			isa = XCBuildConfiguration;
			baseConfigurationReference = D8BEE88E6D4E5A0AE2127B0F /* Pods-PuyoBuilder_Tests.release.xcconfig */;
			buildSettings = {
				DEVELOPMENT_TEAM = 462J8VB29Y;
				FRAMEWORK_SEARCH_PATHS = (
					"$(PLATFORM_DIR)/Developer/Library/Frameworks",
					"$(inherited)",
				);
				INFOPLIST_FILE = Tests/Info.plist;
				LD_RUNPATH_SEARCH_PATHS = "$(inherited) @executable_path/Frameworks @loader_path/Frameworks";
				PRODUCT_BUNDLE_IDENTIFIER = "org.cocoapods.$(PRODUCT_NAME:rfc1034identifier)";
				PRODUCT_NAME = "$(TARGET_NAME)";
				SWIFT_SWIFT3_OBJC_INFERENCE = Default;
				SWIFT_VERSION = 4.0;
				TEST_HOST = "$(BUILT_PRODUCTS_DIR)/PuyoBuilder_Example.app/PuyoBuilder_Example";
			};
			name = Release;
		};
/* End XCBuildConfiguration section */

/* Begin XCConfigurationList section */
		607FACCB1AFB9204008FA782 /* Build configuration list for PBXProject "PuyoBuilder" */ = {
			isa = XCConfigurationList;
			buildConfigurations = (
				607FACED1AFB9204008FA782 /* Debug */,
				607FACEE1AFB9204008FA782 /* Release */,
			);
			defaultConfigurationIsVisible = 0;
			defaultConfigurationName = Release;
		};
		607FACEF1AFB9204008FA782 /* Build configuration list for PBXNativeTarget "PuyoBuilder_Example" */ = {
			isa = XCConfigurationList;
			buildConfigurations = (
				607FACF01AFB9204008FA782 /* Debug */,
				607FACF11AFB9204008FA782 /* Release */,
			);
			defaultConfigurationIsVisible = 0;
			defaultConfigurationName = Release;
		};
		607FACF21AFB9204008FA782 /* Build configuration list for PBXNativeTarget "PuyoBuilder_Tests" */ = {
			isa = XCConfigurationList;
			buildConfigurations = (
				607FACF31AFB9204008FA782 /* Debug */,
				607FACF41AFB9204008FA782 /* Release */,
			);
			defaultConfigurationIsVisible = 0;
			defaultConfigurationName = Release;
		};
/* End XCConfigurationList section */
	};
	rootObject = 607FACC81AFB9204008FA782 /* Project object */;
}
